
Microsoft Visual Studio Solution File, Format Version 12.00
# Visual Studio Version 16
VisualStudioVersion = 16.0.30804.86
MinimumVisualStudioVersion = 10.0.40219.1
Project("{FAE04EC0-301F-11D3-BF4B-00C04F79EFBC}") = "WPFStudy", "WPFStudy\WPFStudy.csproj", "{073C9584-0835-480A-A649-CD04C5C9CCFF}"
EndProject
Project("{FAE04EC0-301F-11D3-BF4B-00C04F79EFBC}") = "WPF_Calculator", "WPF_Calculator\WPF_Calculator.csproj", "{2C408C75-110F-49B8-8453-9AD3E80A0F6E}"
EndProject
Global
	GlobalSection(SolutionConfigurationPlatforms) = preSolution
		Debug|Any CPU = Debug|Any CPU
		Release|Any CPU = Release|Any CPU
	EndGlobalSection
	GlobalSection(ProjectConfigurationPlatforms) = postSolution
		{073C9584-0835-480A-A649-CD04C5C9CCFF}.Debug|Any CPU.ActiveCfg = Debug|Any CPU
		{073C9584-0835-480A-A649-CD04C5C9CCFF}.Debug|Any CPU.Build.0 = Debug|Any CPU
		{073C9584-0835-480A-A649-CD04C5C9CCFF}.Release|Any CPU.ActiveCfg = Release|Any CPU
		{073C9584-0835-480A-A649-CD04C5C9CCFF}.Release|Any CPU.Build.0 = Release|Any CPU
		{2C408C75-110F-49B8-8453-9AD3E80A0F6E}.Debug|Any CPU.ActiveCfg = Debug|Any CPU
		{2C408C75-110F-49B8-8453-9AD3E80A0F6E}.Debug|Any CPU.Build.0 = Debug|Any CPU
		{2C408C75-110F-49B8-8453-9AD3E80A0F6E}.Release|Any CPU.ActiveCfg = Release|Any CPU
		{2C408C75-110F-49B8-8453-9AD3E80A0F6E}.Release|Any CPU.Build.0 = Release|Any CPU
	EndGlobalSection
	GlobalSection(SolutionProperties) = preSolution
		HideSolutionNode = FALSE
	EndGlobalSection
	GlobalSection(ExtensibilityGlobals) = postSolution
		SolutionGuid = {18AD6700-3CB2-49DC-8024-CA5945D68C8D}
	EndGlobalSection
EndGlobal
